{
  "nodes": {
    "nixpkgs": {
      "locked": {
        "lastModified": 1770841267,
        "narHash": "sha256-BKNoPyCG5hRTJUNhwnL9PlWFujr8/18VzggAVRXl6us=",
        "rev": "ec7c70d12ce2fc37cb92aff673dcdca89d187bae",
        "type": "tarball",
        "url": "https://releases.nixos.org/nixos/unstable/nixos-26.05pre944744.ec7c70d12ce2/nixexprs.tar.xz"
      },
      "original": {
        "type": "tarball",
        "url": "https://channels.nixos.org/nixos-unstable/nixexprs.tar.xz"
      }
    },
    "root": {
      "inputs": {
        "nixpkgs": "nixpkgs"
      }
    }
  },
  "root": "root",
  "version": 7
}
